// !$*UTF8*$!
{
	archiveVersion = 1;
	classes = {
	};
	objectVersion = 46;
	objects = {

/* Begin PBXBuildFile section */
		9BECE1881A9B5B4D00CE2FD5 /* main.m in Sources */ = {isa = PBXBuildFile; fileRef = 9BECE1871A9B5B4D00CE2FD5 /* main.m */; };
		9BECE18B1A9B5B4D00CE2FD5 /* AppDelegate.m in Sources */ = {isa = PBXBuildFile; fileRef = 9BECE18A1A9B5B4D00CE2FD5 /* AppDelegate.m */; };
		9BECE18E1A9B5B4D00CE2FD5 /* ViewController.m in Sources */ = {isa = PBXBuildFile; fileRef = 9BECE18D1A9B5B4D00CE2FD5 /* ViewController.m */; };
		9BECE1911A9B5B4D00CE2FD5 /* Main.storyboard in Resources */ = {isa = PBXBuildFile; fileRef = 9BECE18F1A9B5B4D00CE2FD5 /* Main.storyboard */; };
		9BECE1931A9B5B4D00CE2FD5 /* Images.xcassets in Resources */ = {isa = PBXBuildFile; fileRef = 9BECE1921A9B5B4D00CE2FD5 /* Images.xcassets */; };
		9BECE1961A9B5B4D00CE2FD5 /* LaunchScreen.xib in Resources */ = {isa = PBXBuildFile; fileRef = 9BECE1941A9B5B4D00CE2FD5 /* LaunchScreen.xib */; };
		9BECE1B01A9B5B9800CE2FD5 /* TLFormView.m in Sources */ = {isa = PBXBuildFile; fileRef = 9BECE1AE1A9B5B9800CE2FD5 /* TLFormView.m */; };
		9BECE1B41A9CAD7800CE2FD5 /* TLFormField.m in Sources */ = {isa = PBXBuildFile; fileRef = 9BECE1B31A9CAD7800CE2FD5 /* TLFormField.m */; };
		9BECE1B81A9CB6DD00CE2FD5 /* TLFormFieldList.m in Sources */ = {isa = PBXBuildFile; fileRef = 9BECE1B71A9CB6DD00CE2FD5 /* TLFormFieldList.m */; };
		9BECE1BB1A9CBA3F00CE2FD5 /* TLFormFieldMultiLine.m in Sources */ = {isa = PBXBuildFile; fileRef = 9BECE1BA1A9CBA3F00CE2FD5 /* TLFormFieldMultiLine.m */; };
		9BECE1BE1A9CBAEC00CE2FD5 /* TLFormFieldSingleLine.m in Sources */ = {isa = PBXBuildFile; fileRef = 9BECE1BD1A9CBAEB00CE2FD5 /* TLFormFieldSingleLine.m */; };
		9BECE1C11A9CBB8B00CE2FD5 /* TLFormFieldTitle.m in Sources */ = {isa = PBXBuildFile; fileRef = 9BECE1C01A9CBB8B00CE2FD5 /* TLFormFieldTitle.m */; };
		9BECE1C41A9CBBD100CE2FD5 /* TLFormFieldImage.m in Sources */ = {isa = PBXBuildFile; fileRef = 9BECE1C31A9CBBD100CE2FD5 /* TLFormFieldImage.m */; };
		9BECE1C71A9CBC7D00CE2FD5 /* UIView+Glow.m in Sources */ = {isa = PBXBuildFile; fileRef = 9BECE1C61A9CBC7D00CE2FD5 /* UIView+Glow.m */; };
		9BECE1CA1A9CC4FE00CE2FD5 /* TLFormModel.m in Sources */ = {isa = PBXBuildFile; fileRef = 9BECE1C91A9CC4FE00CE2FD5 /* TLFormModel.m */; };
		9BECE1D21A9F899500CE2FD5 /* TLFormField+UIAppearance.m in Sources */ = {isa = PBXBuildFile; fileRef = 9BECE1D11A9F899500CE2FD5 /* TLFormField+UIAppearance.m */; };
/* End PBXBuildFile section */

/* Begin PBXFileReference section */
		9BECE1821A9B5B4D00CE2FD5 /* TLFormView.app */ = {isa = PBXFileReference; explicitFileType = wrapper.application; includeInIndex = 0; path = TLFormView.app; sourceTree = BUILT_PRODUCTS_DIR; };
		9BECE1861A9B5B4D00CE2FD5 /* Info.plist */ = {isa = PBXFileReference; lastKnownFileType = text.plist.xml; path = Info.plist; sourceTree = "<group>"; };
		9BECE1871A9B5B4D00CE2FD5 /* main.m */ = {isa = PBXFileReference; lastKnownFileType = sourcecode.c.objc; path = main.m; sourceTree = "<group>"; };
		9BECE1891A9B5B4D00CE2FD5 /* AppDelegate.h */ = {isa = PBXFileReference; lastKnownFileType = sourcecode.c.h; path = AppDelegate.h; sourceTree = "<group>"; };
		9BECE18A1A9B5B4D00CE2FD5 /* AppDelegate.m */ = {isa = PBXFileReference; lastKnownFileType = sourcecode.c.objc; path = AppDelegate.m; sourceTree = "<group>"; };
		9BECE18C1A9B5B4D00CE2FD5 /* ViewController.h */ = {isa = PBXFileReference; lastKnownFileType = sourcecode.c.h; path = ViewController.h; sourceTree = "<group>"; };
		9BECE18D1A9B5B4D00CE2FD5 /* ViewController.m */ = {isa = PBXFileReference; lastKnownFileType = sourcecode.c.objc; path = ViewController.m; sourceTree = "<group>"; };
		9BECE1901A9B5B4D00CE2FD5 /* Base */ = {isa = PBXFileReference; lastKnownFileType = file.storyboard; name = Base; path = Base.lproj/Main.storyboard; sourceTree = "<group>"; };
		9BECE1921A9B5B4D00CE2FD5 /* Images.xcassets */ = {isa = PBXFileReference; lastKnownFileType = folder.assetcatalog; path = Images.xcassets; sourceTree = "<group>"; };
		9BECE1951A9B5B4D00CE2FD5 /* Base */ = {isa = PBXFileReference; lastKnownFileType = file.xib; name = Base; path = Base.lproj/LaunchScreen.xib; sourceTree = "<group>"; };
		9BECE1AD1A9B5B9800CE2FD5 /* TLFormView.h */ = {isa = PBXFileReference; fileEncoding = 4; lastKnownFileType = sourcecode.c.h; path = TLFormView.h; sourceTree = "<group>"; };
		9BECE1AE1A9B5B9800CE2FD5 /* TLFormView.m */ = {isa = PBXFileReference; fileEncoding = 4; lastKnownFileType = sourcecode.c.objc; path = TLFormView.m; sourceTree = "<group>"; };
		9BECE1B21A9CAD7800CE2FD5 /* TLFormField.h */ = {isa = PBXFileReference; fileEncoding = 4; lastKnownFileType = sourcecode.c.h; path = TLFormField.h; sourceTree = "<group>"; };
		9BECE1B31A9CAD7800CE2FD5 /* TLFormField.m */ = {isa = PBXFileReference; fileEncoding = 4; lastKnownFileType = sourcecode.c.objc; lineEnding = 0; path = TLFormField.m; sourceTree = "<group>"; xcLanguageSpecificationIdentifier = xcode.lang.objc; };
		9BECE1B51A9CB4F200CE2FD5 /* TLFormField+Protected.h */ = {isa = PBXFileReference; lastKnownFileType = sourcecode.c.h; path = "TLFormField+Protected.h"; sourceTree = "<group>"; };
		9BECE1B61A9CB6DD00CE2FD5 /* TLFormFieldList.h */ = {isa = PBXFileReference; fileEncoding = 4; lastKnownFileType = sourcecode.c.h; path = TLFormFieldList.h; sourceTree = "<group>"; };
		9BECE1B71A9CB6DD00CE2FD5 /* TLFormFieldList.m */ = {isa = PBXFileReference; fileEncoding = 4; lastKnownFileType = sourcecode.c.objc; lineEnding = 0; path = TLFormFieldList.m; sourceTree = "<group>"; xcLanguageSpecificationIdentifier = xcode.lang.objc; };
		9BECE1B91A9CBA3F00CE2FD5 /* TLFormFieldMultiLine.h */ = {isa = PBXFileReference; fileEncoding = 4; lastKnownFileType = sourcecode.c.h; lineEnding = 0; path = TLFormFieldMultiLine.h; sourceTree = "<group>"; xcLanguageSpecificationIdentifier = xcode.lang.objcpp; };
		9BECE1BA1A9CBA3F00CE2FD5 /* TLFormFieldMultiLine.m */ = {isa = PBXFileReference; fileEncoding = 4; lastKnownFileType = sourcecode.c.objc; lineEnding = 0; path = TLFormFieldMultiLine.m; sourceTree = "<group>"; xcLanguageSpecificationIdentifier = xcode.lang.objc; };
		9BECE1BC1A9CBAEB00CE2FD5 /* TLFormFieldSingleLine.h */ = {isa = PBXFileReference; fileEncoding = 4; lastKnownFileType = sourcecode.c.h; path = TLFormFieldSingleLine.h; sourceTree = "<group>"; };
		9BECE1BD1A9CBAEB00CE2FD5 /* TLFormFieldSingleLine.m */ = {isa = PBXFileReference; fileEncoding = 4; lastKnownFileType = sourcecode.c.objc; lineEnding = 0; path = TLFormFieldSingleLine.m; sourceTree = "<group>"; xcLanguageSpecificationIdentifier = xcode.lang.objc; };
		9BECE1BF1A9CBB8B00CE2FD5 /* TLFormFieldTitle.h */ = {isa = PBXFileReference; fileEncoding = 4; lastKnownFileType = sourcecode.c.h; path = TLFormFieldTitle.h; sourceTree = "<group>"; };
		9BECE1C01A9CBB8B00CE2FD5 /* TLFormFieldTitle.m */ = {isa = PBXFileReference; fileEncoding = 4; lastKnownFileType = sourcecode.c.objc; lineEnding = 0; path = TLFormFieldTitle.m; sourceTree = "<group>"; xcLanguageSpecificationIdentifier = xcode.lang.objc; };
		9BECE1C21A9CBBD100CE2FD5 /* TLFormFieldImage.h */ = {isa = PBXFileReference; fileEncoding = 4; lastKnownFileType = sourcecode.c.h; path = TLFormFieldImage.h; sourceTree = "<group>"; };
		9BECE1C31A9CBBD100CE2FD5 /* TLFormFieldImage.m */ = {isa = PBXFileReference; fileEncoding = 4; lastKnownFileType = sourcecode.c.objc; lineEnding = 0; path = TLFormFieldImage.m; sourceTree = "<group>"; xcLanguageSpecificationIdentifier = xcode.lang.objc; };
		9BECE1C51A9CBC7D00CE2FD5 /* UIView+Glow.h */ = {isa = PBXFileReference; fileEncoding = 4; lastKnownFileType = sourcecode.c.h; path = "UIView+Glow.h"; sourceTree = "<group>"; };
		9BECE1C61A9CBC7D00CE2FD5 /* UIView+Glow.m */ = {isa = PBXFileReference; fileEncoding = 4; lastKnownFileType = sourcecode.c.objc; path = "UIView+Glow.m"; sourceTree = "<group>"; };
		9BECE1C81A9CC4FE00CE2FD5 /* TLFormModel.h */ = {isa = PBXFileReference; fileEncoding = 4; lastKnownFileType = sourcecode.c.h; path = TLFormModel.h; sourceTree = "<group>"; };
		9BECE1C91A9CC4FE00CE2FD5 /* TLFormModel.m */ = {isa = PBXFileReference; fileEncoding = 4; lastKnownFileType = sourcecode.c.objc; path = TLFormModel.m; sourceTree = "<group>"; };
		9BECE1D01A9F899500CE2FD5 /* TLFormField+UIAppearance.h */ = {isa = PBXFileReference; fileEncoding = 4; lastKnownFileType = sourcecode.c.h; path = "TLFormField+UIAppearance.h"; sourceTree = "<group>"; };
		9BECE1D11A9F899500CE2FD5 /* TLFormField+UIAppearance.m */ = {isa = PBXFileReference; fileEncoding = 4; lastKnownFileType = sourcecode.c.objc; path = "TLFormField+UIAppearance.m"; sourceTree = "<group>"; };
		9BECE1D31A9F89E200CE2FD5 /* TLFormAllFields.h */ = {isa = PBXFileReference; lastKnownFileType = sourcecode.c.h; path = TLFormAllFields.h; sourceTree = "<group>"; };
/* End PBXFileReference section */

/* Begin PBXFrameworksBuildPhase section */
		9BECE17F1A9B5B4D00CE2FD5 /* Frameworks */ = {
			isa = PBXFrameworksBuildPhase;
			buildActionMask = 2147483647;
			files = (
			);
			runOnlyForDeploymentPostprocessing = 0;
		};
/* End PBXFrameworksBuildPhase section */

/* Begin PBXGroup section */
		9BECE1791A9B5B4D00CE2FD5 = {
			isa = PBXGroup;
			children = (
				9BECE1841A9B5B4D00CE2FD5 /* TLFormView */,
				9BECE1831A9B5B4D00CE2FD5 /* Products */,
			);
			sourceTree = "<group>";
		};
		9BECE1831A9B5B4D00CE2FD5 /* Products */ = {
			isa = PBXGroup;
			children = (
				9BECE1821A9B5B4D00CE2FD5 /* TLFormView.app */,
			);
			name = Products;
			sourceTree = "<group>";
		};
		9BECE1841A9B5B4D00CE2FD5 /* TLFormView */ = {
			isa = PBXGroup;
			children = (
				9BECE1AB1A9B5B9800CE2FD5 /* Classes */,
				9BECE1891A9B5B4D00CE2FD5 /* AppDelegate.h */,
				9BECE18A1A9B5B4D00CE2FD5 /* AppDelegate.m */,
				9BECE18C1A9B5B4D00CE2FD5 /* ViewController.h */,
				9BECE18D1A9B5B4D00CE2FD5 /* ViewController.m */,
				9BECE18F1A9B5B4D00CE2FD5 /* Main.storyboard */,
				9BECE1921A9B5B4D00CE2FD5 /* Images.xcassets */,
				9BECE1941A9B5B4D00CE2FD5 /* LaunchScreen.xib */,
				9BECE1851A9B5B4D00CE2FD5 /* Supporting Files */,
			);
			path = TLFormView;
			sourceTree = "<group>";
		};
		9BECE1851A9B5B4D00CE2FD5 /* Supporting Files */ = {
			isa = PBXGroup;
			children = (
				9BECE1861A9B5B4D00CE2FD5 /* Info.plist */,
				9BECE1871A9B5B4D00CE2FD5 /* main.m */,
			);
			name = "Supporting Files";
			sourceTree = "<group>";
		};
		9BECE1AB1A9B5B9800CE2FD5 /* Classes */ = {
			isa = PBXGroup;
			children = (
				9BECE1CF1A9F898900CE2FD5 /* Style */,
				9BECE1B11A9CACEA00CE2FD5 /* Fields */,
				9BECE1AD1A9B5B9800CE2FD5 /* TLFormView.h */,
				9BECE1AE1A9B5B9800CE2FD5 /* TLFormView.m */,
				9BECE1C81A9CC4FE00CE2FD5 /* TLFormModel.h */,
				9BECE1C91A9CC4FE00CE2FD5 /* TLFormModel.m */,
			);
			name = Classes;
			path = ../../Pod/Classes;
			sourceTree = "<group>";
		};
		9BECE1B11A9CACEA00CE2FD5 /* Fields */ = {
			isa = PBXGroup;
			children = (
				9BECE1B21A9CAD7800CE2FD5 /* TLFormField.h */,
				9BECE1B31A9CAD7800CE2FD5 /* TLFormField.m */,
				9BECE1B51A9CB4F200CE2FD5 /* TLFormField+Protected.h */,
				9BECE1B61A9CB6DD00CE2FD5 /* TLFormFieldList.h */,
				9BECE1B71A9CB6DD00CE2FD5 /* TLFormFieldList.m */,
				9BECE1B91A9CBA3F00CE2FD5 /* TLFormFieldMultiLine.h */,
				9BECE1BA1A9CBA3F00CE2FD5 /* TLFormFieldMultiLine.m */,
				9BECE1BC1A9CBAEB00CE2FD5 /* TLFormFieldSingleLine.h */,
				9BECE1BD1A9CBAEB00CE2FD5 /* TLFormFieldSingleLine.m */,
				9BECE1BF1A9CBB8B00CE2FD5 /* TLFormFieldTitle.h */,
				9BECE1C01A9CBB8B00CE2FD5 /* TLFormFieldTitle.m */,
				9BECE1C21A9CBBD100CE2FD5 /* TLFormFieldImage.h */,
				9BECE1C31A9CBBD100CE2FD5 /* TLFormFieldImage.m */,
				9BECE1C51A9CBC7D00CE2FD5 /* UIView+Glow.h */,
				9BECE1C61A9CBC7D00CE2FD5 /* UIView+Glow.m */,
				9BECE1D31A9F89E200CE2FD5 /* TLFormAllFields.h */,
			);
			path = Fields;
			sourceTree = "<group>";
		};
		9BECE1CF1A9F898900CE2FD5 /* Style */ = {
			isa = PBXGroup;
			children = (
				9BECE1D01A9F899500CE2FD5 /* TLFormField+UIAppearance.h */,
				9BECE1D11A9F899500CE2FD5 /* TLFormField+UIAppearance.m */,
			);
			path = Style;
			sourceTree = "<group>";
		};
/* End PBXGroup section */

/* Begin PBXNativeTarget section */
		9BECE1811A9B5B4D00CE2FD5 /* TLFormView */ = {
			isa = PBXNativeTarget;
			buildConfigurationList = 9BECE1A51A9B5B4E00CE2FD5 /* Build configuration list for PBXNativeTarget "TLFormView" */;
			buildPhases = (
				9BECE17E1A9B5B4D00CE2FD5 /* Sources */,
				9BECE17F1A9B5B4D00CE2FD5 /* Frameworks */,
				9BECE1801A9B5B4D00CE2FD5 /* Resources */,
			);
			buildRules = (
			);
			dependencies = (
			);
			name = TLFormView;
			productName = TLFormView;
			productReference = 9BECE1821A9B5B4D00CE2FD5 /* TLFormView.app */;
			productType = "com.apple.product-type.application";
		};
/* End PBXNativeTarget section */

/* Begin PBXProject section */
		9BECE17A1A9B5B4D00CE2FD5 /* Project object */ = {
			isa = PBXProject;
			attributes = {
				LastUpgradeCheck = 0610;
				ORGANIZATIONNAME = "Bruno Berisso";
				TargetAttributes = {
					9BECE1811A9B5B4D00CE2FD5 = {
						CreatedOnToolsVersion = 6.1.1;
					};
				};
			};
			buildConfigurationList = 9BECE17D1A9B5B4D00CE2FD5 /* Build configuration list for PBXProject "TLFormView" */;
			compatibilityVersion = "Xcode 3.2";
			developmentRegion = English;
			hasScannedForEncodings = 0;
			knownRegions = (
				en,
				Base,
			);
			mainGroup = 9BECE1791A9B5B4D00CE2FD5;
			productRefGroup = 9BECE1831A9B5B4D00CE2FD5 /* Products */;
			projectDirPath = "";
			projectRoot = "";
			targets = (
				9BECE1811A9B5B4D00CE2FD5 /* TLFormView */,
			);
		};
/* End PBXProject section */

/* Begin PBXResourcesBuildPhase section */
		9BECE1801A9B5B4D00CE2FD5 /* Resources */ = {
			isa = PBXResourcesBuildPhase;
			buildActionMask = 2147483647;
			files = (
				9BECE1911A9B5B4D00CE2FD5 /* Main.storyboard in Resources */,
				9BECE1961A9B5B4D00CE2FD5 /* LaunchScreen.xib in Resources */,
				9BECE1931A9B5B4D00CE2FD5 /* Images.xcassets in Resources */,
			);
			runOnlyForDeploymentPostprocessing = 0;
		};
/* End PBXResourcesBuildPhase section */

/* Begin PBXSourcesBuildPhase section */
		9BECE17E1A9B5B4D00CE2FD5 /* Sources */ = {
			isa = PBXSourcesBuildPhase;
			buildActionMask = 2147483647;
			files = (
				9BECE18E1A9B5B4D00CE2FD5 /* ViewController.m in Sources */,
				9BECE1C71A9CBC7D00CE2FD5 /* UIView+Glow.m in Sources */,
				9BECE1D21A9F899500CE2FD5 /* TLFormField+UIAppearance.m in Sources */,
				9BECE18B1A9B5B4D00CE2FD5 /* AppDelegate.m in Sources */,
				9BECE1B81A9CB6DD00CE2FD5 /* TLFormFieldList.m in Sources */,
				9BECE1B01A9B5B9800CE2FD5 /* TLFormView.m in Sources */,
				9BECE1C41A9CBBD100CE2FD5 /* TLFormFieldImage.m in Sources */,
				9BECE1BE1A9CBAEC00CE2FD5 /* TLFormFieldSingleLine.m in Sources */,
				9BECE1881A9B5B4D00CE2FD5 /* main.m in Sources */,
				9BECE1C11A9CBB8B00CE2FD5 /* TLFormFieldTitle.m in Sources */,
				9BECE1CA1A9CC4FE00CE2FD5 /* TLFormModel.m in Sources */,
				9BECE1B41A9CAD7800CE2FD5 /* TLFormField.m in Sources */,
				9BECE1BB1A9CBA3F00CE2FD5 /* TLFormFieldMultiLine.m in Sources */,
			);
			runOnlyForDeploymentPostprocessing = 0;
		};
/* End PBXSourcesBuildPhase section */

/* Begin PBXVariantGroup section */
		9BECE18F1A9B5B4D00CE2FD5 /* Main.storyboard */ = {
			isa = PBXVariantGroup;
			children = (
				9BECE1901A9B5B4D00CE2FD5 /* Base */,
			);
			name = Main.storyboard;
			sourceTree = "<group>";
		};
		9BECE1941A9B5B4D00CE2FD5 /* LaunchScreen.xib */ = {
			isa = PBXVariantGroup;
			children = (
				9BECE1951A9B5B4D00CE2FD5 /* Base */,
			);
			name = LaunchScreen.xib;
			sourceTree = "<group>";
		};
/* End PBXVariantGroup section */

/* Begin XCBuildConfiguration section */
		9BECE1A31A9B5B4E00CE2FD5 /* Debug */ = {
			isa = XCBuildConfiguration;
			buildSettings = {
				ALWAYS_SEARCH_USER_PATHS = NO;
				CLANG_CXX_LANGUAGE_STANDARD = "gnu++0x";
				CLANG_CXX_LIBRARY = "libc++";
				CLANG_ENABLE_MODULES = YES;
				CLANG_ENABLE_OBJC_ARC = YES;
				CLANG_WARN_BOOL_CONVERSION = YES;
				CLANG_WARN_CONSTANT_CONVERSION = YES;
				CLANG_WARN_DIRECT_OBJC_ISA_USAGE = YES_ERROR;
				CLANG_WARN_EMPTY_BODY = YES;
				CLANG_WARN_ENUM_CONVERSION = YES;
				CLANG_WARN_INT_CONVERSION = YES;
				CLANG_WARN_OBJC_ROOT_CLASS = YES_ERROR;
				CLANG_WARN_UNREACHABLE_CODE = YES;
				CLANG_WARN__DUPLICATE_METHOD_MATCH = YES;
				"CODE_SIGN_IDENTITY[sdk=iphoneos*]" = "iPhone Developer";
				COPY_PHASE_STRIP = NO;
				ENABLE_STRICT_OBJC_MSGSEND = YES;
				GCC_C_LANGUAGE_STANDARD = gnu99;
				GCC_DYNAMIC_NO_PIC = NO;
				GCC_OPTIMIZATION_LEVEL = 0;
				GCC_PREPROCESSOR_DEFINITIONS = (
					"DEBUG=1",
					"$(inherited)",
				);
				GCC_SYMBOLS_PRIVATE_EXTERN = NO;
				GCC_WARN_64_TO_32_BIT_CONVERSION = YES;
				GCC_WARN_ABOUT_RETURN_TYPE = YES_ERROR;
				GCC_WARN_UNDECLARED_SELECTOR = YES;
				GCC_WARN_UNINITIALIZED_AUTOS = YES_AGGRESSIVE;
				GCC_WARN_UNUSED_FUNCTION = YES;
				GCC_WARN_UNUSED_VARIABLE = YES;
				IPHONEOS_DEPLOYMENT_TARGET = 8.1;
				MTL_ENABLE_DEBUG_INFO = YES;
				ONLY_ACTIVE_ARCH = YES;
				SDKROOT = iphoneos;
				TARGETED_DEVICE_FAMILY = "1,2";
			};
			name = Debug;
		};
		9BECE1A41A9B5B4E00CE2FD5 /* Release */ = {
			isa = XCBuildConfiguration;
			buildSettings = {
				ALWAYS_SEARCH_USER_PATHS = NO;
				CLANG_CXX_LANGUAGE_STANDARD = "gnu++0x";
				CLANG_CXX_LIBRARY = "libc++";
				CLANG_ENABLE_MODULES = YES;
				CLANG_ENABLE_OBJC_ARC = YES;
				CLANG_WARN_BOOL_CONVERSION = YES;
				CLANG_WARN_CONSTANT_CONVERSION = YES;
				CLANG_WARN_DIRECT_OBJC_ISA_USAGE = YES_ERROR;
				CLANG_WARN_EMPTY_BODY = YES;
				CLANG_WARN_ENUM_CONVERSION = YES;
				CLANG_WARN_INT_CONVERSION = YES;
				CLANG_WARN_OBJC_ROOT_CLASS = YES_ERROR;
				CLANG_WARN_UNREACHABLE_CODE = YES;
				CLANG_WARN__DUPLICATE_METHOD_MATCH = YES;
				"CODE_SIGN_IDENTITY[sdk=iphoneos*]" = "iPhone Developer";
				COPY_PHASE_STRIP = YES;
				ENABLE_NS_ASSERTIONS = NO;
				ENABLE_STRICT_OBJC_MSGSEND = YES;
				GCC_C_LANGUAGE_STANDARD = gnu99;
				GCC_WARN_64_TO_32_BIT_CONVERSION = YES;
				GCC_WARN_ABOUT_RETURN_TYPE = YES_ERROR;
				GCC_WARN_UNDECLARED_SELECTOR = YES;
				GCC_WARN_UNINITIALIZED_AUTOS = YES_AGGRESSIVE;
				GCC_WARN_UNUSED_FUNCTION = YES;
				GCC_WARN_UNUSED_VARIABLE = YES;
				IPHONEOS_DEPLOYMENT_TARGET = 8.1;
				MTL_ENABLE_DEBUG_INFO = NO;
				SDKROOT = iphoneos;
				TARGETED_DEVICE_FAMILY = "1,2";
				VALIDATE_PRODUCT = YES;
			};
			name = Release;
		};
		9BECE1A61A9B5B4E00CE2FD5 /* Debug */ = {
			isa = XCBuildConfiguration;
			buildSettings = {
				ASSETCATALOG_COMPILER_APPICON_NAME = AppIcon;
				INFOPLIST_FILE = TLFormView/Info.plist;
				LD_RUNPATH_SEARCH_PATHS = "$(inherited) @executable_path/Frameworks";
				PRODUCT_NAME = "$(TARGET_NAME)";
			};
			name = Debug;
		};
		9BECE1A71A9B5B4E00CE2FD5 /* Release */ = {
			isa = XCBuildConfiguration;
			buildSettings = {
				ASSETCATALOG_COMPILER_APPICON_NAME = AppIcon;
				INFOPLIST_FILE = TLFormView/Info.plist;
				LD_RUNPATH_SEARCH_PATHS = "$(inherited) @executable_path/Frameworks";
				PRODUCT_NAME = "$(TARGET_NAME)";
			};
			name = Release;
		};
/* End XCBuildConfiguration section */

/* Begin XCConfigurationList section */
		9BECE17D1A9B5B4D00CE2FD5 /* Build configuration list for PBXProject "TLFormView" */ = {
			isa = XCConfigurationList;
			buildConfigurations = (
				9BECE1A31A9B5B4E00CE2FD5 /* Debug */,
				9BECE1A41A9B5B4E00CE2FD5 /* Release */,
			);
			defaultConfigurationIsVisible = 0;
			defaultConfigurationName = Release;
		};
		9BECE1A51A9B5B4E00CE2FD5 /* Build configuration list for PBXNativeTarget "TLFormView" */ = {
			isa = XCConfigurationList;
			buildConfigurations = (
				9BECE1A61A9B5B4E00CE2FD5 /* Debug */,
				9BECE1A71A9B5B4E00CE2FD5 /* Release */,
			);
			defaultConfigurationIsVisible = 0;
			defaultConfigurationName = Release;
		};
/* End XCConfigurationList section */
	};
	rootObject = 9BECE17A1A9B5B4D00CE2FD5 /* Project object */;
}
